
Microsoft Visual Studio Solution File, Format Version 12.00
# Visual Studio Version 17
VisualStudioVersion = 17.0.32014.148
MinimumVisualStudioVersion = 10.0.40219.1
Project("{9A19103F-16F7-4668-BE54-9A1E7A4F7556}") = "Geti.Data", "src\Geti.Data\Geti.Data.csproj", "{B4066E29-3893-4C92-AB30-363373E0D862}"
EndProject
Project("{9A19103F-16F7-4668-BE54-9A1E7A4F7556}") = "Geti.Business", "src\Geti.Business\Geti.Business.csproj", "{D2F494A1-499D-4910-B572-1EFD95C80F86}"
EndProject
Project("{FAE04EC0-301F-11D3-BF4B-00C04F79EFBC}") = "Geti.Api", "src\Geti.Api\Geti.Api.csproj", "{BD99E17E-972A-4458-9B7C-5E84409C2B1E}"
EndProject
Global
	GlobalSection(SolutionConfigurationPlatforms) = preSolution
		Debug|Any CPU = Debug|Any CPU
		Release|Any CPU = Release|Any CPU
	EndGlobalSection
	GlobalSection(ProjectConfigurationPlatforms) = postSolution
		{B4066E29-3893-4C92-AB30-363373E0D862}.Debug|Any CPU.ActiveCfg = Debug|Any CPU
		{B4066E29-3893-4C92-AB30-363373E0D862}.Debug|Any CPU.Build.0 = Debug|Any CPU
		{B4066E29-3893-4C92-AB30-363373E0D862}.Release|Any CPU.ActiveCfg = Release|Any CPU
		{B4066E29-3893-4C92-AB30-363373E0D862}.Release|Any CPU.Build.0 = Release|Any CPU
		{D2F494A1-499D-4910-B572-1EFD95C80F86}.Debug|Any CPU.ActiveCfg = Debug|Any CPU
		{D2F494A1-499D-4910-B572-1EFD95C80F86}.Debug|Any CPU.Build.0 = Debug|Any CPU
		{D2F494A1-499D-4910-B572-1EFD95C80F86}.Release|Any CPU.ActiveCfg = Release|Any CPU
		{D2F494A1-499D-4910-B572-1EFD95C80F86}.Release|Any CPU.Build.0 = Release|Any CPU
		{BD99E17E-972A-4458-9B7C-5E84409C2B1E}.Debug|Any CPU.ActiveCfg = Debug|Any CPU
		{BD99E17E-972A-4458-9B7C-5E84409C2B1E}.Debug|Any CPU.Build.0 = Debug|Any CPU
		{BD99E17E-972A-4458-9B7C-5E84409C2B1E}.Release|Any CPU.ActiveCfg = Release|Any CPU
		{BD99E17E-972A-4458-9B7C-5E84409C2B1E}.Release|Any CPU.Build.0 = Release|Any CPU
	EndGlobalSection
	GlobalSection(SolutionProperties) = preSolution
		HideSolutionNode = FALSE
	EndGlobalSection
	GlobalSection(ExtensibilityGlobals) = postSolution
		SolutionGuid = {12B4DD02-ADA0-47C4-9477-949FE73429DE}
	EndGlobalSection
EndGlobal
